
Microsoft Visual Studio Solution File, Format Version 12.00
# Visual Studio Version 16
VisualStudioVersion = 16.0.32602.291
MinimumVisualStudioVersion = 10.0.40219.1
Project("{FAE04EC0-301F-11D3-BF4B-00C04F79EFBC}") = "P225FirstClientApp", "P225FirstClientApp\P225FirstClientApp.csproj", "{59E61870-70E5-42C2-AE2C-EE8681EABC1B}"
EndProject
Global
	GlobalSection(SolutionConfigurationPlatforms) = preSolution
		Debug|Any CPU = Debug|Any CPU
		Release|Any CPU = Release|Any CPU
	EndGlobalSection
	GlobalSection(ProjectConfigurationPlatforms) = postSolution
		{59E61870-70E5-42C2-AE2C-EE8681EABC1B}.Debug|Any CPU.ActiveCfg = Debug|Any CPU
		{59E61870-70E5-42C2-AE2C-EE8681EABC1B}.Debug|Any CPU.Build.0 = Debug|Any CPU
		{59E61870-70E5-42C2-AE2C-EE8681EABC1B}.Release|Any CPU.ActiveCfg = Release|Any CPU
		{59E61870-70E5-42C2-AE2C-EE8681EABC1B}.Release|Any CPU.Build.0 = Release|Any CPU
	EndGlobalSection
	GlobalSection(SolutionProperties) = preSolution
		HideSolutionNode = FALSE
	EndGlobalSection
	GlobalSection(ExtensibilityGlobals) = postSolution
		SolutionGuid = {ADBF4943-2C0A-4B1C-AB68-DE4267996302}
	EndGlobalSection
EndGlobal
